{
  "name": "ericcchiu",
  "version": "1.0.0",
  "lockfileVersion": 1,
  "requires": true,
  "dependencies": {
    "mustache": {
      "version": "4.2.0",
      "resolved": "https://npm.artifactory.homedepot.com/artifactory/api/npm/npm/mustache/-/mustache-4.2.0.tgz",
      "integrity": "sha1-5YkjJNYKEuycKnM1ntylKXK/b2Q="
    }
  }
}
